
Microsoft Visual Studio Solution File, Format Version 12.00
# Visual Studio Version 16
VisualStudioVersion = 16.0.808.0
MinimumVisualStudioVersion = 10.0.40219.1
Project("{FAE04EC0-301F-11D3-BF4B-00C04F79EFBC}") = "Socrata", "Socrata\Socrata.csproj", "{3EF10130-3324-4A28-A3BA-99D367003181}"
EndProject
Global
	GlobalSection(SolutionConfigurationPlatforms) = preSolution
		Debug|Any CPU = Debug|Any CPU
		Release|Any CPU = Release|Any CPU
	EndGlobalSection
	GlobalSection(ProjectConfigurationPlatforms) = postSolution
		{3EF10130-3324-4A28-A3BA-99D367003181}.Debug|Any CPU.ActiveCfg = Debug|Any CPU
		{3EF10130-3324-4A28-A3BA-99D367003181}.Debug|Any CPU.Build.0 = Debug|Any CPU
		{3EF10130-3324-4A28-A3BA-99D367003181}.Release|Any CPU.ActiveCfg = Release|Any CPU
		{3EF10130-3324-4A28-A3BA-99D367003181}.Release|Any CPU.Build.0 = Release|Any CPU
	EndGlobalSection
	GlobalSection(SolutionProperties) = preSolution
		HideSolutionNode = FALSE
	EndGlobalSection
	GlobalSection(ExtensibilityGlobals) = postSolution
		SolutionGuid = {CD99533E-940B-41A9-83F9-7249B337D583}
	EndGlobalSection
EndGlobal
